
Microsoft Visual Studio Solution File, Format Version 12.00
# Visual Studio Version 17
VisualStudioVersion = 17.11.35222.181
MinimumVisualStudioVersion = 10.0.40219.1
Project("{FAE04EC0-301F-11D3-BF4B-00C04F79EFBC}") = "FileSupport_PracticKarevo", "FileSupport_PracticKarevo\FileSupport_PracticKarevo.csproj", "{701E7FD4-8F33-46F4-BA01-BFF4D1C6638D}"
EndProject
Global
	GlobalSection(SolutionConfigurationPlatforms) = preSolution
		Debug|Any CPU = Debug|Any CPU
		Release|Any CPU = Release|Any CPU
	EndGlobalSection
	GlobalSection(ProjectConfigurationPlatforms) = postSolution
		{701E7FD4-8F33-46F4-BA01-BFF4D1C6638D}.Debug|Any CPU.ActiveCfg = Debug|Any CPU
		{701E7FD4-8F33-46F4-BA01-BFF4D1C6638D}.Debug|Any CPU.Build.0 = Debug|Any CPU
		{701E7FD4-8F33-46F4-BA01-BFF4D1C6638D}.Release|Any CPU.ActiveCfg = Release|Any CPU
		{701E7FD4-8F33-46F4-BA01-BFF4D1C6638D}.Release|Any CPU.Build.0 = Release|Any CPU
	EndGlobalSection
	GlobalSection(SolutionProperties) = preSolution
		HideSolutionNode = FALSE
	EndGlobalSection
	GlobalSection(ExtensibilityGlobals) = postSolution
		SolutionGuid = {408B1195-E9E3-4DC4-BBEE-B2405218F0EA}
	EndGlobalSection
EndGlobal
